
Microsoft Visual Studio Solution File, Format Version 12.00
# Visual Studio Version 17
VisualStudioVersion = 17.5.002.0
MinimumVisualStudioVersion = 10.0.40219.1
Project("{9A19103F-16F7-4668-BE54-9A1E7A4F7556}") = "ABC.Users", "ABC.Users\ABC.Users.csproj", "{99D0B4DE-AA3D-4685-8EAF-11C0E6D3C161}"
EndProject
Project("{FAE04EC0-301F-11D3-BF4B-00C04F79EFBC}") = "ABC.Accessories", "ABC.Accessories\ABC.Accessories.csproj", "{06480DA9-3E57-4972-AF06-6997E4AB1A26}"
EndProject
Global
	GlobalSection(SolutionConfigurationPlatforms) = preSolution
		Debug|Any CPU = Debug|Any CPU
		Release|Any CPU = Release|Any CPU
	EndGlobalSection
	GlobalSection(ProjectConfigurationPlatforms) = postSolution
		{99D0B4DE-AA3D-4685-8EAF-11C0E6D3C161}.Debug|Any CPU.ActiveCfg = Debug|Any CPU
		{99D0B4DE-AA3D-4685-8EAF-11C0E6D3C161}.Debug|Any CPU.Build.0 = Debug|Any CPU
		{99D0B4DE-AA3D-4685-8EAF-11C0E6D3C161}.Release|Any CPU.ActiveCfg = Release|Any CPU
		{99D0B4DE-AA3D-4685-8EAF-11C0E6D3C161}.Release|Any CPU.Build.0 = Release|Any CPU
		{06480DA9-3E57-4972-AF06-6997E4AB1A26}.Debug|Any CPU.ActiveCfg = Debug|Any CPU
		{06480DA9-3E57-4972-AF06-6997E4AB1A26}.Debug|Any CPU.Build.0 = Debug|Any CPU
		{06480DA9-3E57-4972-AF06-6997E4AB1A26}.Release|Any CPU.ActiveCfg = Release|Any CPU
		{06480DA9-3E57-4972-AF06-6997E4AB1A26}.Release|Any CPU.Build.0 = Release|Any CPU
	EndGlobalSection
	GlobalSection(SolutionProperties) = preSolution
		HideSolutionNode = FALSE
	EndGlobalSection
	GlobalSection(ExtensibilityGlobals) = postSolution
		SolutionGuid = {96FCE8D9-AEC2-4461-AE51-EBA7D2F86D7A}
	EndGlobalSection
EndGlobal
